
Microsoft Visual Studio Solution File, Format Version 12.00
# Visual Studio Version 17
VisualStudioVersion = 17.0.32112.339
MinimumVisualStudioVersion = 10.0.40219.1
Project("{9A19103F-16F7-4668-BE54-9A1E7A4F7556}") = "database", "database\database.csproj", "{201803A6-17DA-44AD-BE11-86C767CCE7F2}"
EndProject
Project("{9A19103F-16F7-4668-BE54-9A1E7A4F7556}") = "s3647446_a3", "s3647446_a3\s3647446_a3.csproj", "{BBA49632-D107-4814-9C4E-EDBD02D787FF}"
EndProject
Project("{FAE04EC0-301F-11D3-BF4B-00C04F79EFBC}") = "services", "services\services.csproj", "{4CA345FA-1EA9-4974-8A11-9B6698B9C3DE}"
EndProject
Project("{FAE04EC0-301F-11D3-BF4B-00C04F79EFBC}") = "model", "model\model.csproj", "{450CAAE2-F0B3-4CF0-A789-BCF40DE5FD00}"
EndProject
Global
	GlobalSection(SolutionConfigurationPlatforms) = preSolution
		Debug|Any CPU = Debug|Any CPU
		Release|Any CPU = Release|Any CPU
	EndGlobalSection
	GlobalSection(ProjectConfigurationPlatforms) = postSolution
		{201803A6-17DA-44AD-BE11-86C767CCE7F2}.Debug|Any CPU.ActiveCfg = Debug|Any CPU
		{201803A6-17DA-44AD-BE11-86C767CCE7F2}.Debug|Any CPU.Build.0 = Debug|Any CPU
		{201803A6-17DA-44AD-BE11-86C767CCE7F2}.Release|Any CPU.ActiveCfg = Release|Any CPU
		{201803A6-17DA-44AD-BE11-86C767CCE7F2}.Release|Any CPU.Build.0 = Release|Any CPU
		{BBA49632-D107-4814-9C4E-EDBD02D787FF}.Debug|Any CPU.ActiveCfg = Debug|Any CPU
		{BBA49632-D107-4814-9C4E-EDBD02D787FF}.Debug|Any CPU.Build.0 = Debug|Any CPU
		{BBA49632-D107-4814-9C4E-EDBD02D787FF}.Release|Any CPU.ActiveCfg = Release|Any CPU
		{BBA49632-D107-4814-9C4E-EDBD02D787FF}.Release|Any CPU.Build.0 = Release|Any CPU
		{4CA345FA-1EA9-4974-8A11-9B6698B9C3DE}.Debug|Any CPU.ActiveCfg = Debug|Any CPU
		{4CA345FA-1EA9-4974-8A11-9B6698B9C3DE}.Debug|Any CPU.Build.0 = Debug|Any CPU
		{4CA345FA-1EA9-4974-8A11-9B6698B9C3DE}.Release|Any CPU.ActiveCfg = Release|Any CPU
		{4CA345FA-1EA9-4974-8A11-9B6698B9C3DE}.Release|Any CPU.Build.0 = Release|Any CPU
		{450CAAE2-F0B3-4CF0-A789-BCF40DE5FD00}.Debug|Any CPU.ActiveCfg = Debug|Any CPU
		{450CAAE2-F0B3-4CF0-A789-BCF40DE5FD00}.Debug|Any CPU.Build.0 = Debug|Any CPU
		{450CAAE2-F0B3-4CF0-A789-BCF40DE5FD00}.Release|Any CPU.ActiveCfg = Release|Any CPU
		{450CAAE2-F0B3-4CF0-A789-BCF40DE5FD00}.Release|Any CPU.Build.0 = Release|Any CPU
	EndGlobalSection
	GlobalSection(SolutionProperties) = preSolution
		HideSolutionNode = FALSE
	EndGlobalSection
	GlobalSection(ExtensibilityGlobals) = postSolution
		SolutionGuid = {9948A0D0-2CBE-4D81-BBCB-2379593CA268}
	EndGlobalSection
EndGlobal
